
Microsoft Visual Studio Solution File, Format Version 12.00
# Visual Studio Version 17
VisualStudioVersion = 17.3.32811.315
MinimumVisualStudioVersion = 10.0.40219.1
Project("{FAE04EC0-301F-11D3-BF4B-00C04F79EFBC}") = "Lista7PR2", "Lista7PR2.\Lista7PR2.csproj", "{21FF0205-671A-4530-B1ED-6EE8A8B68C3F}"
EndProject
Global
	GlobalSection(SolutionConfigurationPlatforms) = preSolution
		Debug|Any CPU = Debug|Any CPU
		Release|Any CPU = Release|Any CPU
	EndGlobalSection
	GlobalSection(ProjectConfigurationPlatforms) = postSolution
		{21FF0205-671A-4530-B1ED-6EE8A8B68C3F}.Debug|Any CPU.ActiveCfg = Debug|Any CPU
		{21FF0205-671A-4530-B1ED-6EE8A8B68C3F}.Debug|Any CPU.Build.0 = Debug|Any CPU
		{21FF0205-671A-4530-B1ED-6EE8A8B68C3F}.Release|Any CPU.ActiveCfg = Release|Any CPU
		{21FF0205-671A-4530-B1ED-6EE8A8B68C3F}.Release|Any CPU.Build.0 = Release|Any CPU
	EndGlobalSection
	GlobalSection(SolutionProperties) = preSolution
		HideSolutionNode = FALSE
	EndGlobalSection
	GlobalSection(ExtensibilityGlobals) = postSolution
		SolutionGuid = {4D2B2787-2EC7-4010-B134-AC16917C6FC0}
	EndGlobalSection
EndGlobal
